
Microsoft Visual Studio Solution File, Format Version 12.00
# Visual Studio Version 16
VisualStudioVersion = 16.0.34301.259
MinimumVisualStudioVersion = 10.0.40219.1
Project("{FAE04EC0-301F-11D3-BF4B-00C04F79EFBC}") = "LboratorioRep_2", "LboratorioRep_2.csproj", "{8218B87C-99B1-4042-8229-178503A3B0CC}"
EndProject
Global
	GlobalSection(SolutionConfigurationPlatforms) = preSolution
		Debug|Any CPU = Debug|Any CPU
		Release|Any CPU = Release|Any CPU
	EndGlobalSection
	GlobalSection(ProjectConfigurationPlatforms) = postSolution
		{8218B87C-99B1-4042-8229-178503A3B0CC}.Debug|Any CPU.ActiveCfg = Debug|Any CPU
		{8218B87C-99B1-4042-8229-178503A3B0CC}.Debug|Any CPU.Build.0 = Debug|Any CPU
		{8218B87C-99B1-4042-8229-178503A3B0CC}.Release|Any CPU.ActiveCfg = Release|Any CPU
		{8218B87C-99B1-4042-8229-178503A3B0CC}.Release|Any CPU.Build.0 = Release|Any CPU
	EndGlobalSection
	GlobalSection(SolutionProperties) = preSolution
		HideSolutionNode = FALSE
	EndGlobalSection
	GlobalSection(ExtensibilityGlobals) = postSolution
		SolutionGuid = {D27EE023-CA3A-4998-9004-688A44DC5336}
	EndGlobalSection
EndGlobal
